// !$*UTF8*$!
{
	archiveVersion = 1;
	classes = {
	};
	objectVersion = 50;
	objects = {

/* Begin PBXBuildFile section */
		720F91CE21AFB1880052CDF4 /* CGImagePropertyOrientation+Extensions.swift in Sources */ = {isa = PBXBuildFile; fileRef = 720F91CD21AFB1880052CDF4 /* CGImagePropertyOrientation+Extensions.swift */; };
		7228C15921AC0B4000BCC1B1 /* ARPaintCoreData.xcdatamodeld in Sources */ = {isa = PBXBuildFile; fileRef = 7228C15721AC0B4000BCC1B1 /* ARPaintCoreData.xcdatamodeld */; };
		723EA82321B79759002B088B /* SphereNodesManager.swift in Sources */ = {isa = PBXBuildFile; fileRef = 723EA82221B79759002B088B /* SphereNodesManager.swift */; };
		726ACECC21B53E3D00C949E2 /* CircleView.swift in Sources */ = {isa = PBXBuildFile; fileRef = 726ACECB21B53E3D00C949E2 /* CircleView.swift */; };
		726ACECE21B5481B00C949E2 /* SingleColorCircleButton.swift in Sources */ = {isa = PBXBuildFile; fileRef = 726ACECD21B5481B00C949E2 /* SingleColorCircleButton.swift */; };
		7272C2C021B401BE00D6FC48 /* ScreenShotViewController.swift in Sources */ = {isa = PBXBuildFile; fileRef = 7272C2BF21B401BE00D6FC48 /* ScreenShotViewController.swift */; };
		728496CA2193FB4200FD2C26 /* AppDelegate.swift in Sources */ = {isa = PBXBuildFile; fileRef = 728496C92193FB4200FD2C26 /* AppDelegate.swift */; };
		728496CE2193FB4200FD2C26 /* ViewController.swift in Sources */ = {isa = PBXBuildFile; fileRef = 728496CD2193FB4200FD2C26 /* ViewController.swift */; };
		728496D12193FB4200FD2C26 /* Main.storyboard in Resources */ = {isa = PBXBuildFile; fileRef = 728496CF2193FB4200FD2C26 /* Main.storyboard */; };
		728496D32193FB4400FD2C26 /* Assets.xcassets in Resources */ = {isa = PBXBuildFile; fileRef = 728496D22193FB4400FD2C26 /* Assets.xcassets */; };
		728496D62193FB4400FD2C26 /* LaunchScreen.storyboard in Resources */ = {isa = PBXBuildFile; fileRef = 728496D42193FB4400FD2C26 /* LaunchScreen.storyboard */; };
		728630012199477900922B63 /* SCNVector3+Extensions.swift in Sources */ = {isa = PBXBuildFile; fileRef = 728630002199477900922B63 /* SCNVector3+Extensions.swift */; };
		728E699721AABACF0085B045 /* PersistenceManager.swift in Sources */ = {isa = PBXBuildFile; fileRef = 728E699621AABACF0085B045 /* PersistenceManager.swift */; };
		72B3017021AC130C003D0FD4 /* Drawing+CoreDataClass.swift in Sources */ = {isa = PBXBuildFile; fileRef = 72B3016E21AC130B003D0FD4 /* Drawing+CoreDataClass.swift */; };
		72B3017121AC130C003D0FD4 /* Drawing+CoreDataProperties.swift in Sources */ = {isa = PBXBuildFile; fileRef = 72B3016F21AC130C003D0FD4 /* Drawing+CoreDataProperties.swift */; };
		72B5213C21AFCACC0025CF4A /* ViewController+AllDrawingsViewControllerDelegate.swift in Sources */ = {isa = PBXBuildFile; fileRef = 72B5213B21AFCACC0025CF4A /* ViewController+AllDrawingsViewControllerDelegate.swift */; };
		72B8A60421A69AEF00B6F814 /* StrokeAnchor.swift in Sources */ = {isa = PBXBuildFile; fileRef = 72B8A60321A69AEF00B6F814 /* StrokeAnchor.swift */; };
		72B8A81021AD24C900DDC018 /* AllDrawingsViewController.swift in Sources */ = {isa = PBXBuildFile; fileRef = 72B8A80F21AD24C900DDC018 /* AllDrawingsViewController.swift */; };
		72C3DF7121B671DC008CA213 /* RainbowColorCircleButton.swift in Sources */ = {isa = PBXBuildFile; fileRef = 72C3DF7021B671DC008CA213 /* RainbowColorCircleButton.swift */; };
		72CFEFE021BD2B1D004B2741 /* ViewController+ARSessionObserverProtocols.swift in Sources */ = {isa = PBXBuildFile; fileRef = 72CFEFDF21BD2B1D004B2741 /* ViewController+ARSessionObserverProtocols.swift */; };
		72E20F7721ABE42C0080A854 /* Float4x4+Extensions.swift in Sources */ = {isa = PBXBuildFile; fileRef = 72E20F7621ABE42C0080A854 /* Float4x4+Extensions.swift */; };
		BF780C5423B8EDAA0047280C /* Snapshot.swift in Sources */ = {isa = PBXBuildFile; fileRef = BF780C5323B8EDAA0047280C /* Snapshot.swift */; };
		BF780C5623B8EE800047280C /* Maths.swift in Sources */ = {isa = PBXBuildFile; fileRef = BF780C5523B8EE800047280C /* Maths.swift */; };
/* End PBXBuildFile section */

/* Begin PBXFileReference section */
		720F91CD21AFB1880052CDF4 /* CGImagePropertyOrientation+Extensions.swift */ = {isa = PBXFileReference; lastKnownFileType = sourcecode.swift; path = "CGImagePropertyOrientation+Extensions.swift"; sourceTree = "<group>"; };
		7228C15821AC0B4000BCC1B1 /* ARPaintCoreData.xcdatamodel */ = {isa = PBXFileReference; lastKnownFileType = wrapper.xcdatamodel; path = ARPaintCoreData.xcdatamodel; sourceTree = "<group>"; };
		723EA82221B79759002B088B /* SphereNodesManager.swift */ = {isa = PBXFileReference; lastKnownFileType = sourcecode.swift; path = SphereNodesManager.swift; sourceTree = "<group>"; };
		726ACECB21B53E3D00C949E2 /* CircleView.swift */ = {isa = PBXFileReference; lastKnownFileType = sourcecode.swift; path = CircleView.swift; sourceTree = "<group>"; };
		726ACECD21B5481B00C949E2 /* SingleColorCircleButton.swift */ = {isa = PBXFileReference; lastKnownFileType = sourcecode.swift; path = SingleColorCircleButton.swift; sourceTree = "<group>"; };
		7272C2BF21B401BE00D6FC48 /* ScreenShotViewController.swift */ = {isa = PBXFileReference; lastKnownFileType = sourcecode.swift; path = ScreenShotViewController.swift; sourceTree = "<group>"; };
		728496C62193FB4200FD2C26 /* ARPaint.app */ = {isa = PBXFileReference; explicitFileType = wrapper.application; includeInIndex = 0; path = ARPaint.app; sourceTree = BUILT_PRODUCTS_DIR; };
		728496C92193FB4200FD2C26 /* AppDelegate.swift */ = {isa = PBXFileReference; lastKnownFileType = sourcecode.swift; path = AppDelegate.swift; sourceTree = "<group>"; };
		728496CD2193FB4200FD2C26 /* ViewController.swift */ = {isa = PBXFileReference; lastKnownFileType = sourcecode.swift; path = ViewController.swift; sourceTree = "<group>"; };
		728496D02193FB4200FD2C26 /* Base */ = {isa = PBXFileReference; lastKnownFileType = file.storyboard; name = Base; path = Base.lproj/Main.storyboard; sourceTree = "<group>"; };
		728496D22193FB4400FD2C26 /* Assets.xcassets */ = {isa = PBXFileReference; lastKnownFileType = folder.assetcatalog; path = Assets.xcassets; sourceTree = "<group>"; };
		728496D52193FB4400FD2C26 /* Base */ = {isa = PBXFileReference; lastKnownFileType = file.storyboard; name = Base; path = Base.lproj/LaunchScreen.storyboard; sourceTree = "<group>"; };
		728496D72193FB4400FD2C26 /* Info.plist */ = {isa = PBXFileReference; lastKnownFileType = text.plist.xml; path = Info.plist; sourceTree = "<group>"; };
		728630002199477900922B63 /* SCNVector3+Extensions.swift */ = {isa = PBXFileReference; lastKnownFileType = sourcecode.swift; path = "SCNVector3+Extensions.swift"; sourceTree = "<group>"; };
		728E699621AABACF0085B045 /* PersistenceManager.swift */ = {isa = PBXFileReference; lastKnownFileType = sourcecode.swift; path = PersistenceManager.swift; sourceTree = "<group>"; };
		72B3016E21AC130B003D0FD4 /* Drawing+CoreDataClass.swift */ = {isa = PBXFileReference; lastKnownFileType = sourcecode.swift; path = "Drawing+CoreDataClass.swift"; sourceTree = "<group>"; };
		72B3016F21AC130C003D0FD4 /* Drawing+CoreDataProperties.swift */ = {isa = PBXFileReference; lastKnownFileType = sourcecode.swift; path = "Drawing+CoreDataProperties.swift"; sourceTree = "<group>"; };
		72B5213B21AFCACC0025CF4A /* ViewController+AllDrawingsViewControllerDelegate.swift */ = {isa = PBXFileReference; lastKnownFileType = sourcecode.swift; path = "ViewController+AllDrawingsViewControllerDelegate.swift"; sourceTree = "<group>"; };
		72B8A60321A69AEF00B6F814 /* StrokeAnchor.swift */ = {isa = PBXFileReference; lastKnownFileType = sourcecode.swift; path = StrokeAnchor.swift; sourceTree = "<group>"; };
		72B8A80F21AD24C900DDC018 /* AllDrawingsViewController.swift */ = {isa = PBXFileReference; lastKnownFileType = sourcecode.swift; path = AllDrawingsViewController.swift; sourceTree = "<group>"; };
		72C3DF7021B671DC008CA213 /* RainbowColorCircleButton.swift */ = {isa = PBXFileReference; lastKnownFileType = sourcecode.swift; path = RainbowColorCircleButton.swift; sourceTree = "<group>"; };
		72CFEFDF21BD2B1D004B2741 /* ViewController+ARSessionObserverProtocols.swift */ = {isa = PBXFileReference; lastKnownFileType = sourcecode.swift; path = "ViewController+ARSessionObserverProtocols.swift"; sourceTree = "<group>"; };
		72E20F7621ABE42C0080A854 /* Float4x4+Extensions.swift */ = {isa = PBXFileReference; lastKnownFileType = sourcecode.swift; path = "Float4x4+Extensions.swift"; sourceTree = "<group>"; };
		BF780C5323B8EDAA0047280C /* Snapshot.swift */ = {isa = PBXFileReference; lastKnownFileType = sourcecode.swift; path = Snapshot.swift; sourceTree = "<group>"; };
		BF780C5523B8EE800047280C /* Maths.swift */ = {isa = PBXFileReference; lastKnownFileType = sourcecode.swift; path = Maths.swift; sourceTree = "<group>"; };
/* End PBXFileReference section */

/* Begin PBXFrameworksBuildPhase section */
		728496C32193FB4200FD2C26 /* Frameworks */ = {
			isa = PBXFrameworksBuildPhase;
			buildActionMask = 2147483647;
			files = (
			);
			runOnlyForDeploymentPostprocessing = 0;
		};
/* End PBXFrameworksBuildPhase section */

/* Begin PBXGroup section */
		720124A421B6967B00E25F52 /* Views */ = {
			isa = PBXGroup;
			children = (
				726ACECB21B53E3D00C949E2 /* CircleView.swift */,
				726ACECD21B5481B00C949E2 /* SingleColorCircleButton.swift */,
				72C3DF7021B671DC008CA213 /* RainbowColorCircleButton.swift */,
			);
			path = Views;
			sourceTree = "<group>";
		};
		723EA82121B7961D002B088B /* Core Data */ = {
			isa = PBXGroup;
			children = (
				72B3016E21AC130B003D0FD4 /* Drawing+CoreDataClass.swift */,
				7228C15721AC0B4000BCC1B1 /* ARPaintCoreData.xcdatamodeld */,
				72B3016F21AC130C003D0FD4 /* Drawing+CoreDataProperties.swift */,
			);
			path = "Core Data";
			sourceTree = "<group>";
		};
		728496BD2193FB4200FD2C26 = {
			isa = PBXGroup;
			children = (
				728496C82193FB4200FD2C26 /* ARPaint */,
				728496C72193FB4200FD2C26 /* Products */,
			);
			sourceTree = "<group>";
		};
		728496C72193FB4200FD2C26 /* Products */ = {
			isa = PBXGroup;
			children = (
				728496C62193FB4200FD2C26 /* ARPaint.app */,
			);
			name = Products;
			sourceTree = "<group>";
		};
		728496C82193FB4200FD2C26 /* ARPaint */ = {
			isa = PBXGroup;
			children = (
				723EA82121B7961D002B088B /* Core Data */,
				728496C92193FB4200FD2C26 /* AppDelegate.swift */,
				72CFEFE121BD2BA5004B2741 /* ViewControllers */,
				728E699621AABACF0085B045 /* PersistenceManager.swift */,
				72B8A60321A69AEF00B6F814 /* StrokeAnchor.swift */,
				BF780C5223B8ED8E0047280C /* Utilities */,
				723EA82221B79759002B088B /* SphereNodesManager.swift */,
				720124A421B6967B00E25F52 /* Views */,
				72AF7BE021A8158700F11B68 /* Extensions */,
				728496CF2193FB4200FD2C26 /* Main.storyboard */,
				728496D22193FB4400FD2C26 /* Assets.xcassets */,
				728496D42193FB4400FD2C26 /* LaunchScreen.storyboard */,
				728496D72193FB4400FD2C26 /* Info.plist */,
			);
			path = ARPaint;
			sourceTree = "<group>";
		};
		72AF7BE021A8158700F11B68 /* Extensions */ = {
			isa = PBXGroup;
			children = (
				728630002199477900922B63 /* SCNVector3+Extensions.swift */,
				72E20F7621ABE42C0080A854 /* Float4x4+Extensions.swift */,
				720F91CD21AFB1880052CDF4 /* CGImagePropertyOrientation+Extensions.swift */,
			);
			path = Extensions;
			sourceTree = "<group>";
		};
		72CFEFE121BD2BA5004B2741 /* ViewControllers */ = {
			isa = PBXGroup;
			children = (
				728496CD2193FB4200FD2C26 /* ViewController.swift */,
				72B5213B21AFCACC0025CF4A /* ViewController+AllDrawingsViewControllerDelegate.swift */,
				72CFEFDF21BD2B1D004B2741 /* ViewController+ARSessionObserverProtocols.swift */,
				7272C2BF21B401BE00D6FC48 /* ScreenShotViewController.swift */,
				72B8A80F21AD24C900DDC018 /* AllDrawingsViewController.swift */,
			);
			path = ViewControllers;
			sourceTree = "<group>";
		};
		BF780C5223B8ED8E0047280C /* Utilities */ = {
			isa = PBXGroup;
			children = (
				BF780C5323B8EDAA0047280C /* Snapshot.swift */,
				BF780C5523B8EE800047280C /* Maths.swift */,
			);
			path = Utilities;
			sourceTree = "<group>";
		};
/* End PBXGroup section */

/* Begin PBXNativeTarget section */
		728496C52193FB4200FD2C26 /* ARPaint */ = {
			isa = PBXNativeTarget;
			buildConfigurationList = 728496DA2193FB4400FD2C26 /* Build configuration list for PBXNativeTarget "ARPaint" */;
			buildPhases = (
				728496C22193FB4200FD2C26 /* Sources */,
				728496C32193FB4200FD2C26 /* Frameworks */,
				728496C42193FB4200FD2C26 /* Resources */,
			);
			buildRules = (
			);
			dependencies = (
			);
			name = ARPaint;
			productName = ARPaint;
			productReference = 728496C62193FB4200FD2C26 /* ARPaint.app */;
			productType = "com.apple.product-type.application";
		};
/* End PBXNativeTarget section */

/* Begin PBXProject section */
		728496BE2193FB4200FD2C26 /* Project object */ = {
			isa = PBXProject;
			attributes = {
				LastSwiftUpdateCheck = 1010;
				LastUpgradeCheck = 1010;
				ORGANIZATIONNAME = "Koushan Korouei";
				TargetAttributes = {
					728496C52193FB4200FD2C26 = {
						CreatedOnToolsVersion = 10.1;
					};
				};
			};
			buildConfigurationList = 728496C12193FB4200FD2C26 /* Build configuration list for PBXProject "ARPaint" */;
			compatibilityVersion = "Xcode 9.3";
			developmentRegion = en;
			hasScannedForEncodings = 0;
			knownRegions = (
				en,
				Base,
			);
			mainGroup = 728496BD2193FB4200FD2C26;
			productRefGroup = 728496C72193FB4200FD2C26 /* Products */;
			projectDirPath = "";
			projectRoot = "";
			targets = (
				728496C52193FB4200FD2C26 /* ARPaint */,
			);
		};
/* End PBXProject section */

/* Begin PBXResourcesBuildPhase section */
		728496C42193FB4200FD2C26 /* Resources */ = {
			isa = PBXResourcesBuildPhase;
			buildActionMask = 2147483647;
			files = (
				728496D62193FB4400FD2C26 /* LaunchScreen.storyboard in Resources */,
				728496D32193FB4400FD2C26 /* Assets.xcassets in Resources */,
				728496D12193FB4200FD2C26 /* Main.storyboard in Resources */,
			);
			runOnlyForDeploymentPostprocessing = 0;
		};
/* End PBXResourcesBuildPhase section */

/* Begin PBXSourcesBuildPhase section */
		728496C22193FB4200FD2C26 /* Sources */ = {
			isa = PBXSourcesBuildPhase;
			buildActionMask = 2147483647;
			files = (
				728496CE2193FB4200FD2C26 /* ViewController.swift in Sources */,
				72B8A60421A69AEF00B6F814 /* StrokeAnchor.swift in Sources */,
				7272C2C021B401BE00D6FC48 /* ScreenShotViewController.swift in Sources */,
				72B5213C21AFCACC0025CF4A /* ViewController+AllDrawingsViewControllerDelegate.swift in Sources */,
				728630012199477900922B63 /* SCNVector3+Extensions.swift in Sources */,
				720F91CE21AFB1880052CDF4 /* CGImagePropertyOrientation+Extensions.swift in Sources */,
				726ACECC21B53E3D00C949E2 /* CircleView.swift in Sources */,
				72B3017021AC130C003D0FD4 /* Drawing+CoreDataClass.swift in Sources */,
				72B8A81021AD24C900DDC018 /* AllDrawingsViewController.swift in Sources */,
				BF780C5423B8EDAA0047280C /* Snapshot.swift in Sources */,
				72E20F7721ABE42C0080A854 /* Float4x4+Extensions.swift in Sources */,
				726ACECE21B5481B00C949E2 /* SingleColorCircleButton.swift in Sources */,
				72CFEFE021BD2B1D004B2741 /* ViewController+ARSessionObserverProtocols.swift in Sources */,
				728E699721AABACF0085B045 /* PersistenceManager.swift in Sources */,
				723EA82321B79759002B088B /* SphereNodesManager.swift in Sources */,
				72B3017121AC130C003D0FD4 /* Drawing+CoreDataProperties.swift in Sources */,
				7228C15921AC0B4000BCC1B1 /* ARPaintCoreData.xcdatamodeld in Sources */,
				72C3DF7121B671DC008CA213 /* RainbowColorCircleButton.swift in Sources */,
				BF780C5623B8EE800047280C /* Maths.swift in Sources */,
				728496CA2193FB4200FD2C26 /* AppDelegate.swift in Sources */,
			);
			runOnlyForDeploymentPostprocessing = 0;
		};
/* End PBXSourcesBuildPhase section */

/* Begin PBXVariantGroup section */
		728496CF2193FB4200FD2C26 /* Main.storyboard */ = {
			isa = PBXVariantGroup;
			children = (
				728496D02193FB4200FD2C26 /* Base */,
			);
			name = Main.storyboard;
			sourceTree = "<group>";
		};
		728496D42193FB4400FD2C26 /* LaunchScreen.storyboard */ = {
			isa = PBXVariantGroup;
			children = (
				728496D52193FB4400FD2C26 /* Base */,
			);
			name = LaunchScreen.storyboard;
			sourceTree = "<group>";
		};
/* End PBXVariantGroup section */

/* Begin XCBuildConfiguration section */
		728496D82193FB4400FD2C26 /* Debug */ = {
			isa = XCBuildConfiguration;
			buildSettings = {
				ALWAYS_SEARCH_USER_PATHS = NO;
				CLANG_ANALYZER_NONNULL = YES;
				CLANG_ANALYZER_NUMBER_OBJECT_CONVERSION = YES_AGGRESSIVE;
				CLANG_CXX_LANGUAGE_STANDARD = "gnu++14";
				CLANG_CXX_LIBRARY = "libc++";
				CLANG_ENABLE_MODULES = YES;
				CLANG_ENABLE_OBJC_ARC = YES;
				CLANG_ENABLE_OBJC_WEAK = YES;
				CLANG_WARN_BLOCK_CAPTURE_AUTORELEASING = YES;
				CLANG_WARN_BOOL_CONVERSION = YES;
				CLANG_WARN_COMMA = YES;
				CLANG_WARN_CONSTANT_CONVERSION = YES;
				CLANG_WARN_DEPRECATED_OBJC_IMPLEMENTATIONS = YES;
				CLANG_WARN_DIRECT_OBJC_ISA_USAGE = YES_ERROR;
				CLANG_WARN_DOCUMENTATION_COMMENTS = YES;
				CLANG_WARN_EMPTY_BODY = YES;
				CLANG_WARN_ENUM_CONVERSION = YES;
				CLANG_WARN_INFINITE_RECURSION = YES;
				CLANG_WARN_INT_CONVERSION = YES;
				CLANG_WARN_NON_LITERAL_NULL_CONVERSION = YES;
				CLANG_WARN_OBJC_IMPLICIT_RETAIN_SELF = YES;
				CLANG_WARN_OBJC_LITERAL_CONVERSION = YES;
				CLANG_WARN_OBJC_ROOT_CLASS = YES_ERROR;
				CLANG_WARN_RANGE_LOOP_ANALYSIS = YES;
				CLANG_WARN_STRICT_PROTOTYPES = YES;
				CLANG_WARN_SUSPICIOUS_MOVE = YES;
				CLANG_WARN_UNGUARDED_AVAILABILITY = YES_AGGRESSIVE;
				CLANG_WARN_UNREACHABLE_CODE = YES;
				CLANG_WARN__DUPLICATE_METHOD_MATCH = YES;
				CODE_SIGN_IDENTITY = "iPhone Developer";
				COPY_PHASE_STRIP = NO;
				DEBUG_INFORMATION_FORMAT = dwarf;
				ENABLE_STRICT_OBJC_MSGSEND = YES;
				ENABLE_TESTABILITY = YES;
				GCC_C_LANGUAGE_STANDARD = gnu11;
				GCC_DYNAMIC_NO_PIC = NO;
				GCC_NO_COMMON_BLOCKS = YES;
				GCC_OPTIMIZATION_LEVEL = 0;
				GCC_PREPROCESSOR_DEFINITIONS = (
					"DEBUG=1",
					"$(inherited)",
				);
				GCC_WARN_64_TO_32_BIT_CONVERSION = YES;
				GCC_WARN_ABOUT_RETURN_TYPE = YES_ERROR;
				GCC_WARN_UNDECLARED_SELECTOR = YES;
				GCC_WARN_UNINITIALIZED_AUTOS = YES_AGGRESSIVE;
				GCC_WARN_UNUSED_FUNCTION = YES;
				GCC_WARN_UNUSED_VARIABLE = YES;
				IPHONEOS_DEPLOYMENT_TARGET = 12.1;
				MTL_ENABLE_DEBUG_INFO = INCLUDE_SOURCE;
				MTL_FAST_MATH = YES;
				ONLY_ACTIVE_ARCH = YES;
				SDKROOT = iphoneos;
				SWIFT_ACTIVE_COMPILATION_CONDITIONS = DEBUG;
				SWIFT_OPTIMIZATION_LEVEL = "-Onone";
			};
			name = Debug;
		};
		728496D92193FB4400FD2C26 /* Release */ = {
			isa = XCBuildConfiguration;
			buildSettings = {
				ALWAYS_SEARCH_USER_PATHS = NO;
				CLANG_ANALYZER_NONNULL = YES;
				CLANG_ANALYZER_NUMBER_OBJECT_CONVERSION = YES_AGGRESSIVE;
				CLANG_CXX_LANGUAGE_STANDARD = "gnu++14";
				CLANG_CXX_LIBRARY = "libc++";
				CLANG_ENABLE_MODULES = YES;
				CLANG_ENABLE_OBJC_ARC = YES;
				CLANG_ENABLE_OBJC_WEAK = YES;
				CLANG_WARN_BLOCK_CAPTURE_AUTORELEASING = YES;
				CLANG_WARN_BOOL_CONVERSION = YES;
				CLANG_WARN_COMMA = YES;
				CLANG_WARN_CONSTANT_CONVERSION = YES;
				CLANG_WARN_DEPRECATED_OBJC_IMPLEMENTATIONS = YES;
				CLANG_WARN_DIRECT_OBJC_ISA_USAGE = YES_ERROR;
				CLANG_WARN_DOCUMENTATION_COMMENTS = YES;
				CLANG_WARN_EMPTY_BODY = YES;
				CLANG_WARN_ENUM_CONVERSION = YES;
				CLANG_WARN_INFINITE_RECURSION = YES;
				CLANG_WARN_INT_CONVERSION = YES;
				CLANG_WARN_NON_LITERAL_NULL_CONVERSION = YES;
				CLANG_WARN_OBJC_IMPLICIT_RETAIN_SELF = YES;
				CLANG_WARN_OBJC_LITERAL_CONVERSION = YES;
				CLANG_WARN_OBJC_ROOT_CLASS = YES_ERROR;
				CLANG_WARN_RANGE_LOOP_ANALYSIS = YES;
				CLANG_WARN_STRICT_PROTOTYPES = YES;
				CLANG_WARN_SUSPICIOUS_MOVE = YES;
				CLANG_WARN_UNGUARDED_AVAILABILITY = YES_AGGRESSIVE;
				CLANG_WARN_UNREACHABLE_CODE = YES;
				CLANG_WARN__DUPLICATE_METHOD_MATCH = YES;
				CODE_SIGN_IDENTITY = "iPhone Developer";
				COPY_PHASE_STRIP = NO;
				DEBUG_INFORMATION_FORMAT = "dwarf-with-dsym";
				ENABLE_NS_ASSERTIONS = NO;
				ENABLE_STRICT_OBJC_MSGSEND = YES;
				GCC_C_LANGUAGE_STANDARD = gnu11;
				GCC_NO_COMMON_BLOCKS = YES;
				GCC_WARN_64_TO_32_BIT_CONVERSION = YES;
				GCC_WARN_ABOUT_RETURN_TYPE = YES_ERROR;
				GCC_WARN_UNDECLARED_SELECTOR = YES;
				GCC_WARN_UNINITIALIZED_AUTOS = YES_AGGRESSIVE;
				GCC_WARN_UNUSED_FUNCTION = YES;
				GCC_WARN_UNUSED_VARIABLE = YES;
				IPHONEOS_DEPLOYMENT_TARGET = 12.1;
				MTL_ENABLE_DEBUG_INFO = NO;
				MTL_FAST_MATH = YES;
				SDKROOT = iphoneos;
				SWIFT_COMPILATION_MODE = wholemodule;
				SWIFT_OPTIMIZATION_LEVEL = "-O";
				VALIDATE_PRODUCT = YES;
			};
			name = Release;
		};
		728496DB2193FB4400FD2C26 /* Debug */ = {
			isa = XCBuildConfiguration;
			buildSettings = {
				ASSETCATALOG_COMPILER_APPICON_NAME = AppIcon;
				CODE_SIGN_STYLE = Automatic;
				DEVELOPMENT_TEAM = R7ZVS3ML7R;
				INFOPLIST_FILE = ARPaint/Info.plist;
				IPHONEOS_DEPLOYMENT_TARGET = 12.0;
				LD_RUNPATH_SEARCH_PATHS = (
					"$(inherited)",
					"@executable_path/Frameworks",
				);
				PRODUCT_BUNDLE_IDENTIFIER = com.kk.ARPaint;
				PRODUCT_NAME = "$(TARGET_NAME)";
				SWIFT_VERSION = 4.2;
				TARGETED_DEVICE_FAMILY = "1,2";
			};
			name = Debug;
		};
		728496DC2193FB4400FD2C26 /* Release */ = {
			isa = XCBuildConfiguration;
			buildSettings = {
				ASSETCATALOG_COMPILER_APPICON_NAME = AppIcon;
				CODE_SIGN_STYLE = Automatic;
				DEVELOPMENT_TEAM = R7ZVS3ML7R;
				INFOPLIST_FILE = ARPaint/Info.plist;
				IPHONEOS_DEPLOYMENT_TARGET = 12.0;
				LD_RUNPATH_SEARCH_PATHS = (
					"$(inherited)",
					"@executable_path/Frameworks",
				);
				PRODUCT_BUNDLE_IDENTIFIER = com.kk.ARPaint;
				PRODUCT_NAME = "$(TARGET_NAME)";
				SWIFT_VERSION = 4.2;
				TARGETED_DEVICE_FAMILY = "1,2";
			};
			name = Release;
		};
/* End XCBuildConfiguration section */

/* Begin XCConfigurationList section */
		728496C12193FB4200FD2C26 /* Build configuration list for PBXProject "ARPaint" */ = {
			isa = XCConfigurationList;
			buildConfigurations = (
				728496D82193FB4400FD2C26 /* Debug */,
				728496D92193FB4400FD2C26 /* Release */,
			);
			defaultConfigurationIsVisible = 0;
			defaultConfigurationName = Release;
		};
		728496DA2193FB4400FD2C26 /* Build configuration list for PBXNativeTarget "ARPaint" */ = {
			isa = XCConfigurationList;
			buildConfigurations = (
				728496DB2193FB4400FD2C26 /* Debug */,
				728496DC2193FB4400FD2C26 /* Release */,
			);
			defaultConfigurationIsVisible = 0;
			defaultConfigurationName = Release;
		};
/* End XCConfigurationList section */

/* Begin XCVersionGroup section */
		7228C15721AC0B4000BCC1B1 /* ARPaintCoreData.xcdatamodeld */ = {
			isa = XCVersionGroup;
			children = (
				7228C15821AC0B4000BCC1B1 /* ARPaintCoreData.xcdatamodel */,
			);
			currentVersion = 7228C15821AC0B4000BCC1B1 /* ARPaintCoreData.xcdatamodel */;
			path = ARPaintCoreData.xcdatamodeld;
			sourceTree = "<group>";
			versionGroupType = wrapper.xcdatamodel;
		};
/* End XCVersionGroup section */
	};
	rootObject = 728496BE2193FB4200FD2C26 /* Project object */;
}
